
Microsoft Visual Studio Solution File, Format Version 12.00
# Visual Studio Version 17
VisualStudioVersion = 17.8.34511.84
MinimumVisualStudioVersion = 10.0.40219.1
Project("{9A19103F-16F7-4668-BE54-9A1E7A4F7556}") = "deepdiveapi", "deepdiveapi\deepdiveapi.csproj", "{734A263A-DCFC-4251-B5FD-11C48F02C0FD}"
EndProject
Project("{9A19103F-16F7-4668-BE54-9A1E7A4F7556}") = "UnitTest-Project", "UnitTest-Project\UnitTest-Project.csproj", "{27D13E5A-D67D-476C-9F88-7629DCEEAD71}"
EndProject
Global
	GlobalSection(SolutionConfigurationPlatforms) = preSolution
		Debug|Any CPU = Debug|Any CPU
		Release|Any CPU = Release|Any CPU
	EndGlobalSection
	GlobalSection(ProjectConfigurationPlatforms) = postSolution
		{734A263A-DCFC-4251-B5FD-11C48F02C0FD}.Debug|Any CPU.ActiveCfg = Debug|Any CPU
		{734A263A-DCFC-4251-B5FD-11C48F02C0FD}.Debug|Any CPU.Build.0 = Debug|Any CPU
		{734A263A-DCFC-4251-B5FD-11C48F02C0FD}.Release|Any CPU.ActiveCfg = Release|Any CPU
		{734A263A-DCFC-4251-B5FD-11C48F02C0FD}.Release|Any CPU.Build.0 = Release|Any CPU
		{27D13E5A-D67D-476C-9F88-7629DCEEAD71}.Debug|Any CPU.ActiveCfg = Debug|Any CPU
		{27D13E5A-D67D-476C-9F88-7629DCEEAD71}.Debug|Any CPU.Build.0 = Debug|Any CPU
		{27D13E5A-D67D-476C-9F88-7629DCEEAD71}.Release|Any CPU.ActiveCfg = Release|Any CPU
		{27D13E5A-D67D-476C-9F88-7629DCEEAD71}.Release|Any CPU.Build.0 = Release|Any CPU
	EndGlobalSection
	GlobalSection(SolutionProperties) = preSolution
		HideSolutionNode = FALSE
	EndGlobalSection
	GlobalSection(ExtensibilityGlobals) = postSolution
		SolutionGuid = {96B8D6FB-A310-4A6C-8DBC-384552ACEAD3}
	EndGlobalSection
EndGlobal
